
Microsoft Visual Studio Solution File, Format Version 12.00
# Visual Studio 14
VisualStudioVersion = 14.0.25420.1
MinimumVisualStudioVersion = 10.0.40219.1
Project("{FAE04EC0-301F-11D3-BF4B-00C04F79EFBC}") = "MeterReadingMobile.Droid", "MeterReadingMobile\MeterReadingMobile.Droid\MeterReadingMobile.Droid.csproj", "{E5E2F563-6D27-4E20-A70D-FF7AB01D0D41}"
EndProject
Project("{FAE04EC0-301F-11D3-BF4B-00C04F79EFBC}") = "MeterReadingMobile.iOS", "MeterReadingMobile\MeterReadingMobile.iOS\MeterReadingMobile.iOS.csproj", "{694DF39A-66E1-4BB0-93F9-2C305321451C}"
EndProject
Project("{FAE04EC0-301F-11D3-BF4B-00C04F79EFBC}") = "MeterReadingMobile.WinPhone", "MeterReadingMobile\MeterReadingMobile.WinPhone\MeterReadingMobile.WinPhone.csproj", "{968E6EE3-F790-41F2-AB16-F350DB34426D}"
EndProject
Project("{FAE04EC0-301F-11D3-BF4B-00C04F79EFBC}") = "MeterReadingMobile.UWP", "MeterReadingMobile\MeterReadingMobile.UWP\MeterReadingMobile.UWP.csproj", "{F5BE85DF-4318-4C3B-98CE-882B317E3F69}"
EndProject
Project("{FAE04EC0-301F-11D3-BF4B-00C04F79EFBC}") = "MeterReadingMobile.Windows", "MeterReadingMobile\MeterReadingMobile.Windows\MeterReadingMobile.Windows.csproj", "{0858ABDF-0F4C-4431-BD2C-07A1E14133CE}"
EndProject
Project("{FAE04EC0-301F-11D3-BF4B-00C04F79EFBC}") = "MeterReadingMobile", "MeterReadingMobile\MeterReadingMobile\MeterReadingMobile.csproj", "{26116CB2-1D8A-4BCC-B246-887C40F57725}"
EndProject
Project("{2150E333-8FDC-42A3-9474-1A3956D46DE8}") = "Solution Items", "Solution Items", "{6C4810BD-F299-497E-A1AD-A52542F8CBC3}"
	ProjectSection(SolutionItems) = preProject
		License.txt = License.txt
	EndProjectSection
EndProject
Global
	GlobalSection(SolutionConfigurationPlatforms) = preSolution
		Ad-Hoc|Any CPU = Ad-Hoc|Any CPU
		Ad-Hoc|ARM = Ad-Hoc|ARM
		Ad-Hoc|iPhone = Ad-Hoc|iPhone
		Ad-Hoc|iPhoneSimulator = Ad-Hoc|iPhoneSimulator
		Ad-Hoc|x64 = Ad-Hoc|x64
		Ad-Hoc|x86 = Ad-Hoc|x86
		AppStore|Any CPU = AppStore|Any CPU
		AppStore|ARM = AppStore|ARM
		AppStore|iPhone = AppStore|iPhone
		AppStore|iPhoneSimulator = AppStore|iPhoneSimulator
		AppStore|x64 = AppStore|x64
		AppStore|x86 = AppStore|x86
		Debug|Any CPU = Debug|Any CPU
		Debug|ARM = Debug|ARM
		Debug|iPhone = Debug|iPhone
		Debug|iPhoneSimulator = Debug|iPhoneSimulator
		Debug|x64 = Debug|x64
		Debug|x86 = Debug|x86
		Release|Any CPU = Release|Any CPU
		Release|ARM = Release|ARM
		Release|iPhone = Release|iPhone
		Release|iPhoneSimulator = Release|iPhoneSimulator
		Release|x64 = Release|x64
		Release|x86 = Release|x86
	EndGlobalSection
	GlobalSection(ProjectConfigurationPlatforms) = postSolution
		{E5E2F563-6D27-4E20-A70D-FF7AB01D0D41}.Ad-Hoc|Any CPU.ActiveCfg = Release|Any CPU
		{E5E2F563-6D27-4E20-A70D-FF7AB01D0D41}.Ad-Hoc|Any CPU.Build.0 = Release|Any CPU
		{E5E2F563-6D27-4E20-A70D-FF7AB01D0D41}.Ad-Hoc|Any CPU.Deploy.0 = Release|Any CPU
		{E5E2F563-6D27-4E20-A70D-FF7AB01D0D41}.Ad-Hoc|ARM.ActiveCfg = Release|Any CPU
		{E5E2F563-6D27-4E20-A70D-FF7AB01D0D41}.Ad-Hoc|ARM.Build.0 = Release|Any CPU
		{E5E2F563-6D27-4E20-A70D-FF7AB01D0D41}.Ad-Hoc|ARM.Deploy.0 = Release|Any CPU
		{E5E2F563-6D27-4E20-A70D-FF7AB01D0D41}.Ad-Hoc|iPhone.ActiveCfg = Release|Any CPU
		{E5E2F563-6D27-4E20-A70D-FF7AB01D0D41}.Ad-Hoc|iPhone.Build.0 = Release|Any CPU
		{E5E2F563-6D27-4E20-A70D-FF7AB01D0D41}.Ad-Hoc|iPhone.Deploy.0 = Release|Any CPU
		{E5E2F563-6D27-4E20-A70D-FF7AB01D0D41}.Ad-Hoc|iPhoneSimulator.ActiveCfg = Release|Any CPU
		{E5E2F563-6D27-4E20-A70D-FF7AB01D0D41}.Ad-Hoc|iPhoneSimulator.Build.0 = Release|Any CPU
		{E5E2F563-6D27-4E20-A70D-FF7AB01D0D41}.Ad-Hoc|iPhoneSimulator.Deploy.0 = Release|Any CPU
		{E5E2F563-6D27-4E20-A70D-FF7AB01D0D41}.Ad-Hoc|x64.ActiveCfg = Release|Any CPU
		{E5E2F563-6D27-4E20-A70D-FF7AB01D0D41}.Ad-Hoc|x64.Build.0 = Release|Any CPU
		{E5E2F563-6D27-4E20-A70D-FF7AB01D0D41}.Ad-Hoc|x64.Deploy.0 = Release|Any CPU
		{E5E2F563-6D27-4E20-A70D-FF7AB01D0D41}.Ad-Hoc|x86.ActiveCfg = Release|Any CPU
		{E5E2F563-6D27-4E20-A70D-FF7AB01D0D41}.Ad-Hoc|x86.Build.0 = Release|Any CPU
		{E5E2F563-6D27-4E20-A70D-FF7AB01D0D41}.Ad-Hoc|x86.Deploy.0 = Release|Any CPU
		{E5E2F563-6D27-4E20-A70D-FF7AB01D0D41}.AppStore|Any CPU.ActiveCfg = Release|Any CPU
		{E5E2F563-6D27-4E20-A70D-FF7AB01D0D41}.AppStore|Any CPU.Build.0 = Release|Any CPU
		{E5E2F563-6D27-4E20-A70D-FF7AB01D0D41}.AppStore|Any CPU.Deploy.0 = Release|Any CPU
		{E5E2F563-6D27-4E20-A70D-FF7AB01D0D41}.AppStore|ARM.ActiveCfg = Release|Any CPU
		{E5E2F563-6D27-4E20-A70D-FF7AB01D0D41}.AppStore|ARM.Build.0 = Release|Any CPU
		{E5E2F563-6D27-4E20-A70D-FF7AB01D0D41}.AppStore|ARM.Deploy.0 = Release|Any CPU
		{E5E2F563-6D27-4E20-A70D-FF7AB01D0D41}.AppStore|iPhone.ActiveCfg = Release|Any CPU
		{E5E2F563-6D27-4E20-A70D-FF7AB01D0D41}.AppStore|iPhone.Build.0 = Release|Any CPU
		{E5E2F563-6D27-4E20-A70D-FF7AB01D0D41}.AppStore|iPhone.Deploy.0 = Release|Any CPU
		{E5E2F563-6D27-4E20-A70D-FF7AB01D0D41}.AppStore|iPhoneSimulator.ActiveCfg = Release|Any CPU
		{E5E2F563-6D27-4E20-A70D-FF7AB01D0D41}.AppStore|iPhoneSimulator.Build.0 = Release|Any CPU
		{E5E2F563-6D27-4E20-A70D-FF7AB01D0D41}.AppStore|iPhoneSimulator.Deploy.0 = Release|Any CPU
		{E5E2F563-6D27-4E20-A70D-FF7AB01D0D41}.AppStore|x64.ActiveCfg = Release|Any CPU
		{E5E2F563-6D27-4E20-A70D-FF7AB01D0D41}.AppStore|x64.Build.0 = Release|Any CPU
		{E5E2F563-6D27-4E20-A70D-FF7AB01D0D41}.AppStore|x64.Deploy.0 = Release|Any CPU
		{E5E2F563-6D27-4E20-A70D-FF7AB01D0D41}.AppStore|x86.ActiveCfg = Release|Any CPU
		{E5E2F563-6D27-4E20-A70D-FF7AB01D0D41}.AppStore|x86.Build.0 = Release|Any CPU
		{E5E2F563-6D27-4E20-A70D-FF7AB01D0D41}.AppStore|x86.Deploy.0 = Release|Any CPU
		{E5E2F563-6D27-4E20-A70D-FF7AB01D0D41}.Debug|Any CPU.ActiveCfg = Debug|Any CPU
		{E5E2F563-6D27-4E20-A70D-FF7AB01D0D41}.Debug|Any CPU.Build.0 = Debug|Any CPU
		{E5E2F563-6D27-4E20-A70D-FF7AB01D0D41}.Debug|Any CPU.Deploy.0 = Debug|Any CPU
		{E5E2F563-6D27-4E20-A70D-FF7AB01D0D41}.Debug|ARM.ActiveCfg = Debug|Any CPU
		{E5E2F563-6D27-4E20-A70D-FF7AB01D0D41}.Debug|ARM.Build.0 = Debug|Any CPU
		{E5E2F563-6D27-4E20-A70D-FF7AB01D0D41}.Debug|ARM.Deploy.0 = Debug|Any CPU
		{E5E2F563-6D27-4E20-A70D-FF7AB01D0D41}.Debug|iPhone.ActiveCfg = Debug|Any CPU
		{E5E2F563-6D27-4E20-A70D-FF7AB01D0D41}.Debug|iPhone.Build.0 = Debug|Any CPU
		{E5E2F563-6D27-4E20-A70D-FF7AB01D0D41}.Debug|iPhone.Deploy.0 = Debug|Any CPU
		{E5E2F563-6D27-4E20-A70D-FF7AB01D0D41}.Debug|iPhoneSimulator.ActiveCfg = Debug|Any CPU
		{E5E2F563-6D27-4E20-A70D-FF7AB01D0D41}.Debug|iPhoneSimulator.Build.0 = Debug|Any CPU
		{E5E2F563-6D27-4E20-A70D-FF7AB01D0D41}.Debug|iPhoneSimulator.Deploy.0 = Debug|Any CPU
		{E5E2F563-6D27-4E20-A70D-FF7AB01D0D41}.Debug|x64.ActiveCfg = Debug|Any CPU
		{E5E2F563-6D27-4E20-A70D-FF7AB01D0D41}.Debug|x64.Build.0 = Debug|Any CPU
		{E5E2F563-6D27-4E20-A70D-FF7AB01D0D41}.Debug|x64.Deploy.0 = Debug|Any CPU
		{E5E2F563-6D27-4E20-A70D-FF7AB01D0D41}.Debug|x86.ActiveCfg = Debug|Any CPU
		{E5E2F563-6D27-4E20-A70D-FF7AB01D0D41}.Debug|x86.Build.0 = Debug|Any CPU
		{E5E2F563-6D27-4E20-A70D-FF7AB01D0D41}.Debug|x86.Deploy.0 = Debug|Any CPU
		{E5E2F563-6D27-4E20-A70D-FF7AB01D0D41}.Release|Any CPU.ActiveCfg = Release|Any CPU
		{E5E2F563-6D27-4E20-A70D-FF7AB01D0D41}.Release|Any CPU.Build.0 = Release|Any CPU
		{E5E2F563-6D27-4E20-A70D-FF7AB01D0D41}.Release|Any CPU.Deploy.0 = Release|Any CPU
		{E5E2F563-6D27-4E20-A70D-FF7AB01D0D41}.Release|ARM.ActiveCfg = Release|Any CPU
		{E5E2F563-6D27-4E20-A70D-FF7AB01D0D41}.Release|ARM.Build.0 = Release|Any CPU
		{E5E2F563-6D27-4E20-A70D-FF7AB01D0D41}.Release|ARM.Deploy.0 = Release|Any CPU
		{E5E2F563-6D27-4E20-A70D-FF7AB01D0D41}.Release|iPhone.ActiveCfg = Release|Any CPU
		{E5E2F563-6D27-4E20-A70D-FF7AB01D0D41}.Release|iPhone.Build.0 = Release|Any CPU
		{E5E2F563-6D27-4E20-A70D-FF7AB01D0D41}.Release|iPhone.Deploy.0 = Release|Any CPU
		{E5E2F563-6D27-4E20-A70D-FF7AB01D0D41}.Release|iPhoneSimulator.ActiveCfg = Release|Any CPU
		{E5E2F563-6D27-4E20-A70D-FF7AB01D0D41}.Release|iPhoneSimulator.Build.0 = Release|Any CPU
		{E5E2F563-6D27-4E20-A70D-FF7AB01D0D41}.Release|iPhoneSimulator.Deploy.0 = Release|Any CPU
		{E5E2F563-6D27-4E20-A70D-FF7AB01D0D41}.Release|x64.ActiveCfg = Release|Any CPU
		{E5E2F563-6D27-4E20-A70D-FF7AB01D0D41}.Release|x64.Build.0 = Release|Any CPU
		{E5E2F563-6D27-4E20-A70D-FF7AB01D0D41}.Release|x64.Deploy.0 = Release|Any CPU
		{E5E2F563-6D27-4E20-A70D-FF7AB01D0D41}.Release|x86.ActiveCfg = Release|Any CPU
		{E5E2F563-6D27-4E20-A70D-FF7AB01D0D41}.Release|x86.Build.0 = Release|Any CPU
		{E5E2F563-6D27-4E20-A70D-FF7AB01D0D41}.Release|x86.Deploy.0 = Release|Any CPU
		{694DF39A-66E1-4BB0-93F9-2C305321451C}.Ad-Hoc|Any CPU.ActiveCfg = Ad-Hoc|iPhone
		{694DF39A-66E1-4BB0-93F9-2C305321451C}.Ad-Hoc|ARM.ActiveCfg = Ad-Hoc|iPhone
		{694DF39A-66E1-4BB0-93F9-2C305321451C}.Ad-Hoc|iPhone.ActiveCfg = Ad-Hoc|iPhone
		{694DF39A-66E1-4BB0-93F9-2C305321451C}.Ad-Hoc|iPhone.Build.0 = Ad-Hoc|iPhone
		{694DF39A-66E1-4BB0-93F9-2C305321451C}.Ad-Hoc|iPhoneSimulator.ActiveCfg = Ad-Hoc|iPhoneSimulator
		{694DF39A-66E1-4BB0-93F9-2C305321451C}.Ad-Hoc|iPhoneSimulator.Build.0 = Ad-Hoc|iPhoneSimulator
		{694DF39A-66E1-4BB0-93F9-2C305321451C}.Ad-Hoc|x64.ActiveCfg = Ad-Hoc|iPhone
		{694DF39A-66E1-4BB0-93F9-2C305321451C}.Ad-Hoc|x86.ActiveCfg = Ad-Hoc|iPhone
		{694DF39A-66E1-4BB0-93F9-2C305321451C}.AppStore|Any CPU.ActiveCfg = AppStore|iPhone
		{694DF39A-66E1-4BB0-93F9-2C305321451C}.AppStore|ARM.ActiveCfg = AppStore|iPhone
		{694DF39A-66E1-4BB0-93F9-2C305321451C}.AppStore|iPhone.ActiveCfg = AppStore|iPhone
		{694DF39A-66E1-4BB0-93F9-2C305321451C}.AppStore|iPhone.Build.0 = AppStore|iPhone
		{694DF39A-66E1-4BB0-93F9-2C305321451C}.AppStore|iPhoneSimulator.ActiveCfg = AppStore|iPhoneSimulator
		{694DF39A-66E1-4BB0-93F9-2C305321451C}.AppStore|iPhoneSimulator.Build.0 = AppStore|iPhoneSimulator
		{694DF39A-66E1-4BB0-93F9-2C305321451C}.AppStore|x64.ActiveCfg = AppStore|iPhone
		{694DF39A-66E1-4BB0-93F9-2C305321451C}.AppStore|x86.ActiveCfg = AppStore|iPhone
		{694DF39A-66E1-4BB0-93F9-2C305321451C}.Debug|Any CPU.ActiveCfg = Debug|iPhone
		{694DF39A-66E1-4BB0-93F9-2C305321451C}.Debug|ARM.ActiveCfg = Debug|iPhone
		{694DF39A-66E1-4BB0-93F9-2C305321451C}.Debug|iPhone.ActiveCfg = Debug|iPhone
		{694DF39A-66E1-4BB0-93F9-2C305321451C}.Debug|iPhone.Build.0 = Debug|iPhone
		{694DF39A-66E1-4BB0-93F9-2C305321451C}.Debug|iPhoneSimulator.ActiveCfg = Debug|iPhoneSimulator
		{694DF39A-66E1-4BB0-93F9-2C305321451C}.Debug|iPhoneSimulator.Build.0 = Debug|iPhoneSimulator
		{694DF39A-66E1-4BB0-93F9-2C305321451C}.Debug|x64.ActiveCfg = Debug|iPhone
		{694DF39A-66E1-4BB0-93F9-2C305321451C}.Debug|x86.ActiveCfg = Debug|iPhone
		{694DF39A-66E1-4BB0-93F9-2C305321451C}.Release|Any CPU.ActiveCfg = Release|iPhone
		{694DF39A-66E1-4BB0-93F9-2C305321451C}.Release|ARM.ActiveCfg = Release|iPhone
		{694DF39A-66E1-4BB0-93F9-2C305321451C}.Release|iPhone.ActiveCfg = Release|iPhone
		{694DF39A-66E1-4BB0-93F9-2C305321451C}.Release|iPhone.Build.0 = Release|iPhone
		{694DF39A-66E1-4BB0-93F9-2C305321451C}.Release|iPhoneSimulator.ActiveCfg = Release|iPhoneSimulator
		{694DF39A-66E1-4BB0-93F9-2C305321451C}.Release|iPhoneSimulator.Build.0 = Release|iPhoneSimulator
		{694DF39A-66E1-4BB0-93F9-2C305321451C}.Release|x64.ActiveCfg = Release|iPhone
		{694DF39A-66E1-4BB0-93F9-2C305321451C}.Release|x86.ActiveCfg = Release|iPhone
		{968E6EE3-F790-41F2-AB16-F350DB34426D}.Ad-Hoc|Any CPU.ActiveCfg = Release|Any CPU
		{968E6EE3-F790-41F2-AB16-F350DB34426D}.Ad-Hoc|Any CPU.Build.0 = Release|Any CPU
		{968E6EE3-F790-41F2-AB16-F350DB34426D}.Ad-Hoc|Any CPU.Deploy.0 = Release|Any CPU
		{968E6EE3-F790-41F2-AB16-F350DB34426D}.Ad-Hoc|ARM.ActiveCfg = Release|ARM
		{968E6EE3-F790-41F2-AB16-F350DB34426D}.Ad-Hoc|ARM.Build.0 = Release|ARM
		{968E6EE3-F790-41F2-AB16-F350DB34426D}.Ad-Hoc|ARM.Deploy.0 = Release|ARM
		{968E6EE3-F790-41F2-AB16-F350DB34426D}.Ad-Hoc|iPhone.ActiveCfg = Release|Any CPU
		{968E6EE3-F790-41F2-AB16-F350DB34426D}.Ad-Hoc|iPhone.Build.0 = Release|Any CPU
		{968E6EE3-F790-41F2-AB16-F350DB34426D}.Ad-Hoc|iPhone.Deploy.0 = Release|Any CPU
		{968E6EE3-F790-41F2-AB16-F350DB34426D}.Ad-Hoc|iPhoneSimulator.ActiveCfg = Release|Any CPU
		{968E6EE3-F790-41F2-AB16-F350DB34426D}.Ad-Hoc|iPhoneSimulator.Build.0 = Release|Any CPU
		{968E6EE3-F790-41F2-AB16-F350DB34426D}.Ad-Hoc|iPhoneSimulator.Deploy.0 = Release|Any CPU
		{968E6EE3-F790-41F2-AB16-F350DB34426D}.Ad-Hoc|x64.ActiveCfg = Release|Any CPU
		{968E6EE3-F790-41F2-AB16-F350DB34426D}.Ad-Hoc|x64.Build.0 = Release|Any CPU
		{968E6EE3-F790-41F2-AB16-F350DB34426D}.Ad-Hoc|x64.Deploy.0 = Release|Any CPU
		{968E6EE3-F790-41F2-AB16-F350DB34426D}.Ad-Hoc|x86.ActiveCfg = Release|x86
		{968E6EE3-F790-41F2-AB16-F350DB34426D}.Ad-Hoc|x86.Build.0 = Release|x86
		{968E6EE3-F790-41F2-AB16-F350DB34426D}.Ad-Hoc|x86.Deploy.0 = Release|x86
		{968E6EE3-F790-41F2-AB16-F350DB34426D}.AppStore|Any CPU.ActiveCfg = Release|Any CPU
		{968E6EE3-F790-41F2-AB16-F350DB34426D}.AppStore|Any CPU.Build.0 = Release|Any CPU
		{968E6EE3-F790-41F2-AB16-F350DB34426D}.AppStore|Any CPU.Deploy.0 = Release|Any CPU
		{968E6EE3-F790-41F2-AB16-F350DB34426D}.AppStore|ARM.ActiveCfg = Release|ARM
		{968E6EE3-F790-41F2-AB16-F350DB34426D}.AppStore|ARM.Build.0 = Release|ARM
		{968E6EE3-F790-41F2-AB16-F350DB34426D}.AppStore|ARM.Deploy.0 = Release|ARM
		{968E6EE3-F790-41F2-AB16-F350DB34426D}.AppStore|iPhone.ActiveCfg = Release|Any CPU
		{968E6EE3-F790-41F2-AB16-F350DB34426D}.AppStore|iPhone.Build.0 = Release|Any CPU
		{968E6EE3-F790-41F2-AB16-F350DB34426D}.AppStore|iPhone.Deploy.0 = Release|Any CPU
		{968E6EE3-F790-41F2-AB16-F350DB34426D}.AppStore|iPhoneSimulator.ActiveCfg = Release|Any CPU
		{968E6EE3-F790-41F2-AB16-F350DB34426D}.AppStore|iPhoneSimulator.Build.0 = Release|Any CPU
		{968E6EE3-F790-41F2-AB16-F350DB34426D}.AppStore|iPhoneSimulator.Deploy.0 = Release|Any CPU
		{968E6EE3-F790-41F2-AB16-F350DB34426D}.AppStore|x64.ActiveCfg = Release|Any CPU
		{968E6EE3-F790-41F2-AB16-F350DB34426D}.AppStore|x64.Build.0 = Release|Any CPU
		{968E6EE3-F790-41F2-AB16-F350DB34426D}.AppStore|x64.Deploy.0 = Release|Any CPU
		{968E6EE3-F790-41F2-AB16-F350DB34426D}.AppStore|x86.ActiveCfg = Release|x86
		{968E6EE3-F790-41F2-AB16-F350DB34426D}.AppStore|x86.Build.0 = Release|x86
		{968E6EE3-F790-41F2-AB16-F350DB34426D}.AppStore|x86.Deploy.0 = Release|x86
		{968E6EE3-F790-41F2-AB16-F350DB34426D}.Debug|Any CPU.ActiveCfg = Debug|Any CPU
		{968E6EE3-F790-41F2-AB16-F350DB34426D}.Debug|Any CPU.Build.0 = Debug|Any CPU
		{968E6EE3-F790-41F2-AB16-F350DB34426D}.Debug|Any CPU.Deploy.0 = Debug|Any CPU
		{968E6EE3-F790-41F2-AB16-F350DB34426D}.Debug|ARM.ActiveCfg = Debug|ARM
		{968E6EE3-F790-41F2-AB16-F350DB34426D}.Debug|ARM.Build.0 = Debug|ARM
		{968E6EE3-F790-41F2-AB16-F350DB34426D}.Debug|ARM.Deploy.0 = Debug|ARM
		{968E6EE3-F790-41F2-AB16-F350DB34426D}.Debug|iPhone.ActiveCfg = Debug|Any CPU
		{968E6EE3-F790-41F2-AB16-F350DB34426D}.Debug|iPhone.Build.0 = Debug|Any CPU
		{968E6EE3-F790-41F2-AB16-F350DB34426D}.Debug|iPhone.Deploy.0 = Debug|Any CPU
		{968E6EE3-F790-41F2-AB16-F350DB34426D}.Debug|iPhoneSimulator.ActiveCfg = Debug|Any CPU
		{968E6EE3-F790-41F2-AB16-F350DB34426D}.Debug|iPhoneSimulator.Build.0 = Debug|Any CPU
		{968E6EE3-F790-41F2-AB16-F350DB34426D}.Debug|iPhoneSimulator.Deploy.0 = Debug|Any CPU
		{968E6EE3-F790-41F2-AB16-F350DB34426D}.Debug|x64.ActiveCfg = Debug|Any CPU
		{968E6EE3-F790-41F2-AB16-F350DB34426D}.Debug|x64.Build.0 = Debug|Any CPU
		{968E6EE3-F790-41F2-AB16-F350DB34426D}.Debug|x64.Deploy.0 = Debug|Any CPU
		{968E6EE3-F790-41F2-AB16-F350DB34426D}.Debug|x86.ActiveCfg = Debug|x86
		{968E6EE3-F790-41F2-AB16-F350DB34426D}.Debug|x86.Build.0 = Debug|x86
		{968E6EE3-F790-41F2-AB16-F350DB34426D}.Debug|x86.Deploy.0 = Debug|x86
		{968E6EE3-F790-41F2-AB16-F350DB34426D}.Release|Any CPU.ActiveCfg = Release|Any CPU
		{968E6EE3-F790-41F2-AB16-F350DB34426D}.Release|Any CPU.Build.0 = Release|Any CPU
		{968E6EE3-F790-41F2-AB16-F350DB34426D}.Release|Any CPU.Deploy.0 = Release|Any CPU
		{968E6EE3-F790-41F2-AB16-F350DB34426D}.Release|ARM.ActiveCfg = Release|ARM
		{968E6EE3-F790-41F2-AB16-F350DB34426D}.Release|ARM.Build.0 = Release|ARM
		{968E6EE3-F790-41F2-AB16-F350DB34426D}.Release|ARM.Deploy.0 = Release|ARM
		{968E6EE3-F790-41F2-AB16-F350DB34426D}.Release|iPhone.ActiveCfg = Release|Any CPU
		{968E6EE3-F790-41F2-AB16-F350DB34426D}.Release|iPhone.Build.0 = Release|Any CPU
		{968E6EE3-F790-41F2-AB16-F350DB34426D}.Release|iPhone.Deploy.0 = Release|Any CPU
		{968E6EE3-F790-41F2-AB16-F350DB34426D}.Release|iPhoneSimulator.ActiveCfg = Release|Any CPU
		{968E6EE3-F790-41F2-AB16-F350DB34426D}.Release|iPhoneSimulator.Build.0 = Release|Any CPU
		{968E6EE3-F790-41F2-AB16-F350DB34426D}.Release|iPhoneSimulator.Deploy.0 = Release|Any CPU
		{968E6EE3-F790-41F2-AB16-F350DB34426D}.Release|x64.ActiveCfg = Release|Any CPU
		{968E6EE3-F790-41F2-AB16-F350DB34426D}.Release|x64.Build.0 = Release|Any CPU
		{968E6EE3-F790-41F2-AB16-F350DB34426D}.Release|x64.Deploy.0 = Release|Any CPU
		{968E6EE3-F790-41F2-AB16-F350DB34426D}.Release|x86.ActiveCfg = Release|x86
		{968E6EE3-F790-41F2-AB16-F350DB34426D}.Release|x86.Build.0 = Release|x86
		{968E6EE3-F790-41F2-AB16-F350DB34426D}.Release|x86.Deploy.0 = Release|x86
		{F5BE85DF-4318-4C3B-98CE-882B317E3F69}.Ad-Hoc|Any CPU.ActiveCfg = Release|x86
		{F5BE85DF-4318-4C3B-98CE-882B317E3F69}.Ad-Hoc|Any CPU.Build.0 = Release|x86
		{F5BE85DF-4318-4C3B-98CE-882B317E3F69}.Ad-Hoc|Any CPU.Deploy.0 = Release|x86
		{F5BE85DF-4318-4C3B-98CE-882B317E3F69}.Ad-Hoc|ARM.ActiveCfg = Release|ARM
		{F5BE85DF-4318-4C3B-98CE-882B317E3F69}.Ad-Hoc|ARM.Build.0 = Release|ARM
		{F5BE85DF-4318-4C3B-98CE-882B317E3F69}.Ad-Hoc|ARM.Deploy.0 = Release|ARM
		{F5BE85DF-4318-4C3B-98CE-882B317E3F69}.Ad-Hoc|iPhone.ActiveCfg = Release|x86
		{F5BE85DF-4318-4C3B-98CE-882B317E3F69}.Ad-Hoc|iPhone.Build.0 = Release|x86
		{F5BE85DF-4318-4C3B-98CE-882B317E3F69}.Ad-Hoc|iPhone.Deploy.0 = Release|x86
		{F5BE85DF-4318-4C3B-98CE-882B317E3F69}.Ad-Hoc|iPhoneSimulator.ActiveCfg = Release|x86
		{F5BE85DF-4318-4C3B-98CE-882B317E3F69}.Ad-Hoc|iPhoneSimulator.Build.0 = Release|x86
		{F5BE85DF-4318-4C3B-98CE-882B317E3F69}.Ad-Hoc|iPhoneSimulator.Deploy.0 = Release|x86
		{F5BE85DF-4318-4C3B-98CE-882B317E3F69}.Ad-Hoc|x64.ActiveCfg = Release|x64
		{F5BE85DF-4318-4C3B-98CE-882B317E3F69}.Ad-Hoc|x64.Build.0 = Release|x64
		{F5BE85DF-4318-4C3B-98CE-882B317E3F69}.Ad-Hoc|x64.Deploy.0 = Release|x64
		{F5BE85DF-4318-4C3B-98CE-882B317E3F69}.Ad-Hoc|x86.ActiveCfg = Release|x86
		{F5BE85DF-4318-4C3B-98CE-882B317E3F69}.Ad-Hoc|x86.Build.0 = Release|x86
		{F5BE85DF-4318-4C3B-98CE-882B317E3F69}.Ad-Hoc|x86.Deploy.0 = Release|x86
		{F5BE85DF-4318-4C3B-98CE-882B317E3F69}.AppStore|Any CPU.ActiveCfg = Release|x86
		{F5BE85DF-4318-4C3B-98CE-882B317E3F69}.AppStore|Any CPU.Build.0 = Release|x86
		{F5BE85DF-4318-4C3B-98CE-882B317E3F69}.AppStore|Any CPU.Deploy.0 = Release|x86
		{F5BE85DF-4318-4C3B-98CE-882B317E3F69}.AppStore|ARM.ActiveCfg = Release|ARM
		{F5BE85DF-4318-4C3B-98CE-882B317E3F69}.AppStore|ARM.Build.0 = Release|ARM
		{F5BE85DF-4318-4C3B-98CE-882B317E3F69}.AppStore|ARM.Deploy.0 = Release|ARM
		{F5BE85DF-4318-4C3B-98CE-882B317E3F69}.AppStore|iPhone.ActiveCfg = Release|x86
		{F5BE85DF-4318-4C3B-98CE-882B317E3F69}.AppStore|iPhone.Build.0 = Release|x86
		{F5BE85DF-4318-4C3B-98CE-882B317E3F69}.AppStore|iPhone.Deploy.0 = Release|x86
		{F5BE85DF-4318-4C3B-98CE-882B317E3F69}.AppStore|iPhoneSimulator.ActiveCfg = Release|x86
		{F5BE85DF-4318-4C3B-98CE-882B317E3F69}.AppStore|iPhoneSimulator.Build.0 = Release|x86
		{F5BE85DF-4318-4C3B-98CE-882B317E3F69}.AppStore|iPhoneSimulator.Deploy.0 = Release|x86
		{F5BE85DF-4318-4C3B-98CE-882B317E3F69}.AppStore|x64.ActiveCfg = Release|x64
		{F5BE85DF-4318-4C3B-98CE-882B317E3F69}.AppStore|x64.Build.0 = Release|x64
		{F5BE85DF-4318-4C3B-98CE-882B317E3F69}.AppStore|x64.Deploy.0 = Release|x64
		{F5BE85DF-4318-4C3B-98CE-882B317E3F69}.AppStore|x86.ActiveCfg = Release|x86
		{F5BE85DF-4318-4C3B-98CE-882B317E3F69}.AppStore|x86.Build.0 = Release|x86
		{F5BE85DF-4318-4C3B-98CE-882B317E3F69}.AppStore|x86.Deploy.0 = Release|x86
		{F5BE85DF-4318-4C3B-98CE-882B317E3F69}.Debug|Any CPU.ActiveCfg = Debug|x86
		{F5BE85DF-4318-4C3B-98CE-882B317E3F69}.Debug|Any CPU.Build.0 = Debug|x86
		{F5BE85DF-4318-4C3B-98CE-882B317E3F69}.Debug|Any CPU.Deploy.0 = Debug|x86
		{F5BE85DF-4318-4C3B-98CE-882B317E3F69}.Debug|ARM.ActiveCfg = Debug|ARM
		{F5BE85DF-4318-4C3B-98CE-882B317E3F69}.Debug|ARM.Build.0 = Debug|ARM
		{F5BE85DF-4318-4C3B-98CE-882B317E3F69}.Debug|ARM.Deploy.0 = Debug|ARM
		{F5BE85DF-4318-4C3B-98CE-882B317E3F69}.Debug|iPhone.ActiveCfg = Debug|x86
		{F5BE85DF-4318-4C3B-98CE-882B317E3F69}.Debug|iPhone.Build.0 = Debug|x86
		{F5BE85DF-4318-4C3B-98CE-882B317E3F69}.Debug|iPhone.Deploy.0 = Debug|x86
		{F5BE85DF-4318-4C3B-98CE-882B317E3F69}.Debug|iPhoneSimulator.ActiveCfg = Debug|x86
		{F5BE85DF-4318-4C3B-98CE-882B317E3F69}.Debug|x64.ActiveCfg = Debug|x64
		{F5BE85DF-4318-4C3B-98CE-882B317E3F69}.Debug|x64.Build.0 = Debug|x64
		{F5BE85DF-4318-4C3B-98CE-882B317E3F69}.Debug|x64.Deploy.0 = Debug|x64
		{F5BE85DF-4318-4C3B-98CE-882B317E3F69}.Debug|x86.ActiveCfg = Debug|x86
		{F5BE85DF-4318-4C3B-98CE-882B317E3F69}.Debug|x86.Build.0 = Debug|x86
		{F5BE85DF-4318-4C3B-98CE-882B317E3F69}.Debug|x86.Deploy.0 = Debug|x86
		{F5BE85DF-4318-4C3B-98CE-882B317E3F69}.Release|Any CPU.ActiveCfg = Release|x86
		{F5BE85DF-4318-4C3B-98CE-882B317E3F69}.Release|ARM.ActiveCfg = Release|ARM
		{F5BE85DF-4318-4C3B-98CE-882B317E3F69}.Release|ARM.Build.0 = Release|ARM
		{F5BE85DF-4318-4C3B-98CE-882B317E3F69}.Release|ARM.Deploy.0 = Release|ARM
		{F5BE85DF-4318-4C3B-98CE-882B317E3F69}.Release|iPhone.ActiveCfg = Release|x86
		{F5BE85DF-4318-4C3B-98CE-882B317E3F69}.Release|iPhoneSimulator.ActiveCfg = Release|x86
		{F5BE85DF-4318-4C3B-98CE-882B317E3F69}.Release|x64.ActiveCfg = Release|x64
		{F5BE85DF-4318-4C3B-98CE-882B317E3F69}.Release|x64.Build.0 = Release|x64
		{F5BE85DF-4318-4C3B-98CE-882B317E3F69}.Release|x64.Deploy.0 = Release|x64
		{F5BE85DF-4318-4C3B-98CE-882B317E3F69}.Release|x86.ActiveCfg = Release|x86
		{F5BE85DF-4318-4C3B-98CE-882B317E3F69}.Release|x86.Build.0 = Release|x86
		{F5BE85DF-4318-4C3B-98CE-882B317E3F69}.Release|x86.Deploy.0 = Release|x86
		{0858ABDF-0F4C-4431-BD2C-07A1E14133CE}.Ad-Hoc|Any CPU.ActiveCfg = Release|Any CPU
		{0858ABDF-0F4C-4431-BD2C-07A1E14133CE}.Ad-Hoc|Any CPU.Build.0 = Release|Any CPU
		{0858ABDF-0F4C-4431-BD2C-07A1E14133CE}.Ad-Hoc|Any CPU.Deploy.0 = Release|Any CPU
		{0858ABDF-0F4C-4431-BD2C-07A1E14133CE}.Ad-Hoc|ARM.ActiveCfg = Release|ARM
		{0858ABDF-0F4C-4431-BD2C-07A1E14133CE}.Ad-Hoc|ARM.Build.0 = Release|ARM
		{0858ABDF-0F4C-4431-BD2C-07A1E14133CE}.Ad-Hoc|ARM.Deploy.0 = Release|ARM
		{0858ABDF-0F4C-4431-BD2C-07A1E14133CE}.Ad-Hoc|iPhone.ActiveCfg = Release|Any CPU
		{0858ABDF-0F4C-4431-BD2C-07A1E14133CE}.Ad-Hoc|iPhone.Build.0 = Release|Any CPU
		{0858ABDF-0F4C-4431-BD2C-07A1E14133CE}.Ad-Hoc|iPhone.Deploy.0 = Release|Any CPU
		{0858ABDF-0F4C-4431-BD2C-07A1E14133CE}.Ad-Hoc|iPhoneSimulator.ActiveCfg = Release|Any CPU
		{0858ABDF-0F4C-4431-BD2C-07A1E14133CE}.Ad-Hoc|iPhoneSimulator.Build.0 = Release|Any CPU
		{0858ABDF-0F4C-4431-BD2C-07A1E14133CE}.Ad-Hoc|iPhoneSimulator.Deploy.0 = Release|Any CPU
		{0858ABDF-0F4C-4431-BD2C-07A1E14133CE}.Ad-Hoc|x64.ActiveCfg = Release|x64
		{0858ABDF-0F4C-4431-BD2C-07A1E14133CE}.Ad-Hoc|x64.Build.0 = Release|x64
		{0858ABDF-0F4C-4431-BD2C-07A1E14133CE}.Ad-Hoc|x64.Deploy.0 = Release|x64
		{0858ABDF-0F4C-4431-BD2C-07A1E14133CE}.Ad-Hoc|x86.ActiveCfg = Release|x86
		{0858ABDF-0F4C-4431-BD2C-07A1E14133CE}.Ad-Hoc|x86.Build.0 = Release|x86
		{0858ABDF-0F4C-4431-BD2C-07A1E14133CE}.Ad-Hoc|x86.Deploy.0 = Release|x86
		{0858ABDF-0F4C-4431-BD2C-07A1E14133CE}.AppStore|Any CPU.ActiveCfg = Release|Any CPU
		{0858ABDF-0F4C-4431-BD2C-07A1E14133CE}.AppStore|Any CPU.Build.0 = Release|Any CPU
		{0858ABDF-0F4C-4431-BD2C-07A1E14133CE}.AppStore|Any CPU.Deploy.0 = Release|Any CPU
		{0858ABDF-0F4C-4431-BD2C-07A1E14133CE}.AppStore|ARM.ActiveCfg = Release|ARM
		{0858ABDF-0F4C-4431-BD2C-07A1E14133CE}.AppStore|ARM.Build.0 = Release|ARM
		{0858ABDF-0F4C-4431-BD2C-07A1E14133CE}.AppStore|ARM.Deploy.0 = Release|ARM
		{0858ABDF-0F4C-4431-BD2C-07A1E14133CE}.AppStore|iPhone.ActiveCfg = Release|Any CPU
		{0858ABDF-0F4C-4431-BD2C-07A1E14133CE}.AppStore|iPhone.Build.0 = Release|Any CPU
		{0858ABDF-0F4C-4431-BD2C-07A1E14133CE}.AppStore|iPhone.Deploy.0 = Release|Any CPU
		{0858ABDF-0F4C-4431-BD2C-07A1E14133CE}.AppStore|iPhoneSimulator.ActiveCfg = Release|Any CPU
		{0858ABDF-0F4C-4431-BD2C-07A1E14133CE}.AppStore|iPhoneSimulator.Build.0 = Release|Any CPU
		{0858ABDF-0F4C-4431-BD2C-07A1E14133CE}.AppStore|iPhoneSimulator.Deploy.0 = Release|Any CPU
		{0858ABDF-0F4C-4431-BD2C-07A1E14133CE}.AppStore|x64.ActiveCfg = Release|x64
		{0858ABDF-0F4C-4431-BD2C-07A1E14133CE}.AppStore|x64.Build.0 = Release|x64
		{0858ABDF-0F4C-4431-BD2C-07A1E14133CE}.AppStore|x64.Deploy.0 = Release|x64
		{0858ABDF-0F4C-4431-BD2C-07A1E14133CE}.AppStore|x86.ActiveCfg = Release|x86
		{0858ABDF-0F4C-4431-BD2C-07A1E14133CE}.AppStore|x86.Build.0 = Release|x86
		{0858ABDF-0F4C-4431-BD2C-07A1E14133CE}.AppStore|x86.Deploy.0 = Release|x86
		{0858ABDF-0F4C-4431-BD2C-07A1E14133CE}.Debug|Any CPU.ActiveCfg = Debug|Any CPU
		{0858ABDF-0F4C-4431-BD2C-07A1E14133CE}.Debug|Any CPU.Build.0 = Debug|Any CPU
		{0858ABDF-0F4C-4431-BD2C-07A1E14133CE}.Debug|Any CPU.Deploy.0 = Debug|Any CPU
		{0858ABDF-0F4C-4431-BD2C-07A1E14133CE}.Debug|ARM.ActiveCfg = Debug|ARM
		{0858ABDF-0F4C-4431-BD2C-07A1E14133CE}.Debug|ARM.Build.0 = Debug|ARM
		{0858ABDF-0F4C-4431-BD2C-07A1E14133CE}.Debug|ARM.Deploy.0 = Debug|ARM
		{0858ABDF-0F4C-4431-BD2C-07A1E14133CE}.Debug|iPhone.ActiveCfg = Debug|Any CPU
		{0858ABDF-0F4C-4431-BD2C-07A1E14133CE}.Debug|iPhone.Build.0 = Debug|Any CPU
		{0858ABDF-0F4C-4431-BD2C-07A1E14133CE}.Debug|iPhone.Deploy.0 = Debug|Any CPU
		{0858ABDF-0F4C-4431-BD2C-07A1E14133CE}.Debug|iPhoneSimulator.ActiveCfg = Debug|Any CPU
		{0858ABDF-0F4C-4431-BD2C-07A1E14133CE}.Debug|iPhoneSimulator.Build.0 = Debug|Any CPU
		{0858ABDF-0F4C-4431-BD2C-07A1E14133CE}.Debug|iPhoneSimulator.Deploy.0 = Debug|Any CPU
		{0858ABDF-0F4C-4431-BD2C-07A1E14133CE}.Debug|x64.ActiveCfg = Debug|x64
		{0858ABDF-0F4C-4431-BD2C-07A1E14133CE}.Debug|x64.Build.0 = Debug|x64
		{0858ABDF-0F4C-4431-BD2C-07A1E14133CE}.Debug|x64.Deploy.0 = Debug|x64
		{0858ABDF-0F4C-4431-BD2C-07A1E14133CE}.Debug|x86.ActiveCfg = Debug|x86
		{0858ABDF-0F4C-4431-BD2C-07A1E14133CE}.Debug|x86.Build.0 = Debug|x86
		{0858ABDF-0F4C-4431-BD2C-07A1E14133CE}.Debug|x86.Deploy.0 = Debug|x86
		{0858ABDF-0F4C-4431-BD2C-07A1E14133CE}.Release|Any CPU.ActiveCfg = Release|Any CPU
		{0858ABDF-0F4C-4431-BD2C-07A1E14133CE}.Release|Any CPU.Build.0 = Release|Any CPU
		{0858ABDF-0F4C-4431-BD2C-07A1E14133CE}.Release|Any CPU.Deploy.0 = Release|Any CPU
		{0858ABDF-0F4C-4431-BD2C-07A1E14133CE}.Release|ARM.ActiveCfg = Release|ARM
		{0858ABDF-0F4C-4431-BD2C-07A1E14133CE}.Release|ARM.Build.0 = Release|ARM
		{0858ABDF-0F4C-4431-BD2C-07A1E14133CE}.Release|ARM.Deploy.0 = Release|ARM
		{0858ABDF-0F4C-4431-BD2C-07A1E14133CE}.Release|iPhone.ActiveCfg = Release|Any CPU
		{0858ABDF-0F4C-4431-BD2C-07A1E14133CE}.Release|iPhone.Build.0 = Release|Any CPU
		{0858ABDF-0F4C-4431-BD2C-07A1E14133CE}.Release|iPhone.Deploy.0 = Release|Any CPU
		{0858ABDF-0F4C-4431-BD2C-07A1E14133CE}.Release|iPhoneSimulator.ActiveCfg = Release|Any CPU
		{0858ABDF-0F4C-4431-BD2C-07A1E14133CE}.Release|iPhoneSimulator.Build.0 = Release|Any CPU
		{0858ABDF-0F4C-4431-BD2C-07A1E14133CE}.Release|iPhoneSimulator.Deploy.0 = Release|Any CPU
		{0858ABDF-0F4C-4431-BD2C-07A1E14133CE}.Release|x64.ActiveCfg = Release|x64
		{0858ABDF-0F4C-4431-BD2C-07A1E14133CE}.Release|x64.Build.0 = Release|x64
		{0858ABDF-0F4C-4431-BD2C-07A1E14133CE}.Release|x64.Deploy.0 = Release|x64
		{0858ABDF-0F4C-4431-BD2C-07A1E14133CE}.Release|x86.ActiveCfg = Release|x86
		{0858ABDF-0F4C-4431-BD2C-07A1E14133CE}.Release|x86.Build.0 = Release|x86
		{0858ABDF-0F4C-4431-BD2C-07A1E14133CE}.Release|x86.Deploy.0 = Release|x86
		{26116CB2-1D8A-4BCC-B246-887C40F57725}.Ad-Hoc|Any CPU.ActiveCfg = Release|Any CPU
		{26116CB2-1D8A-4BCC-B246-887C40F57725}.Ad-Hoc|Any CPU.Build.0 = Release|Any CPU
		{26116CB2-1D8A-4BCC-B246-887C40F57725}.Ad-Hoc|ARM.ActiveCfg = Release|Any CPU
		{26116CB2-1D8A-4BCC-B246-887C40F57725}.Ad-Hoc|ARM.Build.0 = Release|Any CPU
		{26116CB2-1D8A-4BCC-B246-887C40F57725}.Ad-Hoc|iPhone.ActiveCfg = Release|Any CPU
		{26116CB2-1D8A-4BCC-B246-887C40F57725}.Ad-Hoc|iPhone.Build.0 = Release|Any CPU
		{26116CB2-1D8A-4BCC-B246-887C40F57725}.Ad-Hoc|iPhoneSimulator.ActiveCfg = Release|Any CPU
		{26116CB2-1D8A-4BCC-B246-887C40F57725}.Ad-Hoc|iPhoneSimulator.Build.0 = Release|Any CPU
		{26116CB2-1D8A-4BCC-B246-887C40F57725}.Ad-Hoc|x64.ActiveCfg = Release|Any CPU
		{26116CB2-1D8A-4BCC-B246-887C40F57725}.Ad-Hoc|x64.Build.0 = Release|Any CPU
		{26116CB2-1D8A-4BCC-B246-887C40F57725}.Ad-Hoc|x86.ActiveCfg = Release|Any CPU
		{26116CB2-1D8A-4BCC-B246-887C40F57725}.Ad-Hoc|x86.Build.0 = Release|Any CPU
		{26116CB2-1D8A-4BCC-B246-887C40F57725}.AppStore|Any CPU.ActiveCfg = Release|Any CPU
		{26116CB2-1D8A-4BCC-B246-887C40F57725}.AppStore|Any CPU.Build.0 = Release|Any CPU
		{26116CB2-1D8A-4BCC-B246-887C40F57725}.AppStore|ARM.ActiveCfg = Release|Any CPU
		{26116CB2-1D8A-4BCC-B246-887C40F57725}.AppStore|ARM.Build.0 = Release|Any CPU
		{26116CB2-1D8A-4BCC-B246-887C40F57725}.AppStore|iPhone.ActiveCfg = Release|Any CPU
		{26116CB2-1D8A-4BCC-B246-887C40F57725}.AppStore|iPhone.Build.0 = Release|Any CPU
		{26116CB2-1D8A-4BCC-B246-887C40F57725}.AppStore|iPhoneSimulator.ActiveCfg = Release|Any CPU
		{26116CB2-1D8A-4BCC-B246-887C40F57725}.AppStore|iPhoneSimulator.Build.0 = Release|Any CPU
		{26116CB2-1D8A-4BCC-B246-887C40F57725}.AppStore|x64.ActiveCfg = Release|Any CPU
		{26116CB2-1D8A-4BCC-B246-887C40F57725}.AppStore|x64.Build.0 = Release|Any CPU
		{26116CB2-1D8A-4BCC-B246-887C40F57725}.AppStore|x86.ActiveCfg = Release|Any CPU
		{26116CB2-1D8A-4BCC-B246-887C40F57725}.AppStore|x86.Build.0 = Release|Any CPU
		{26116CB2-1D8A-4BCC-B246-887C40F57725}.Debug|Any CPU.ActiveCfg = Debug|Any CPU
		{26116CB2-1D8A-4BCC-B246-887C40F57725}.Debug|Any CPU.Build.0 = Debug|Any CPU
		{26116CB2-1D8A-4BCC-B246-887C40F57725}.Debug|ARM.ActiveCfg = Debug|Any CPU
		{26116CB2-1D8A-4BCC-B246-887C40F57725}.Debug|ARM.Build.0 = Debug|Any CPU
		{26116CB2-1D8A-4BCC-B246-887C40F57725}.Debug|iPhone.ActiveCfg = Debug|Any CPU
		{26116CB2-1D8A-4BCC-B246-887C40F57725}.Debug|iPhone.Build.0 = Debug|Any CPU
		{26116CB2-1D8A-4BCC-B246-887C40F57725}.Debug|iPhoneSimulator.ActiveCfg = Debug|Any CPU
		{26116CB2-1D8A-4BCC-B246-887C40F57725}.Debug|iPhoneSimulator.Build.0 = Debug|Any CPU
		{26116CB2-1D8A-4BCC-B246-887C40F57725}.Debug|x64.ActiveCfg = Debug|Any CPU
		{26116CB2-1D8A-4BCC-B246-887C40F57725}.Debug|x64.Build.0 = Debug|Any CPU
		{26116CB2-1D8A-4BCC-B246-887C40F57725}.Debug|x86.ActiveCfg = Debug|Any CPU
		{26116CB2-1D8A-4BCC-B246-887C40F57725}.Debug|x86.Build.0 = Debug|Any CPU
		{26116CB2-1D8A-4BCC-B246-887C40F57725}.Release|Any CPU.ActiveCfg = Release|Any CPU
		{26116CB2-1D8A-4BCC-B246-887C40F57725}.Release|Any CPU.Build.0 = Release|Any CPU
		{26116CB2-1D8A-4BCC-B246-887C40F57725}.Release|ARM.ActiveCfg = Release|Any CPU
		{26116CB2-1D8A-4BCC-B246-887C40F57725}.Release|ARM.Build.0 = Release|Any CPU
		{26116CB2-1D8A-4BCC-B246-887C40F57725}.Release|iPhone.ActiveCfg = Release|Any CPU
		{26116CB2-1D8A-4BCC-B246-887C40F57725}.Release|iPhone.Build.0 = Release|Any CPU
		{26116CB2-1D8A-4BCC-B246-887C40F57725}.Release|iPhoneSimulator.ActiveCfg = Release|Any CPU
		{26116CB2-1D8A-4BCC-B246-887C40F57725}.Release|iPhoneSimulator.Build.0 = Release|Any CPU
		{26116CB2-1D8A-4BCC-B246-887C40F57725}.Release|x64.ActiveCfg = Release|Any CPU
		{26116CB2-1D8A-4BCC-B246-887C40F57725}.Release|x64.Build.0 = Release|Any CPU
		{26116CB2-1D8A-4BCC-B246-887C40F57725}.Release|x86.ActiveCfg = Release|Any CPU
		{26116CB2-1D8A-4BCC-B246-887C40F57725}.Release|x86.Build.0 = Release|Any CPU
	EndGlobalSection
	GlobalSection(SolutionProperties) = preSolution
		HideSolutionNode = FALSE
	EndGlobalSection
EndGlobal
